Microsoft Visual Studio Solution File, Format Version 12.00
# Visual Studio 14
VisualStudioVersion = 14.0.25420.1
MinimumVisualStudioVersion = 10.0.40219.1
Project("{8BC9CEB8-8B4A-11D0-8D11-00A0C91BC942}") = "DepthOfField", "DepthOfField.vcxproj", "{4AA0D850-89D2-4C71-85F2-D6ECBAAC1272}"
EndProject
Global
	GlobalSection(SolutionConfigurationPlatforms) = preSolution
		Debug_ANGLE|Win32 = Debug_ANGLE|Win32
		Debug_ANGLE|x64 = Debug_ANGLE|x64
		Debug|Win32 = Debug|Win32
		Debug|x64 = Debug|x64
		Release_ANGLE|Win32 = Release_ANGLE|Win32
		Release_ANGLE|x64 = Release_ANGLE|x64
		Release|Win32 = Release|Win32
		Release|x64 = Release|x64
	EndGlobalSection
	GlobalSection(ProjectConfigurationPlatforms) = postSolution
		{4AA0D850-89D2-4C71-85F2-D6ECBAAC1272}.Debug_ANGLE|Win32.ActiveCfg = Debug|Win32
		{4AA0D850-89D2-4C71-85F2-D6ECBAAC1272}.Debug_ANGLE|Win32.Build.0 = Debug|Win32
		{4AA0D850-89D2-4C71-85F2-D6ECBAAC1272}.Debug_ANGLE|x64.ActiveCfg = Release|Win32
		{4AA0D850-89D2-4C71-85F2-D6ECBAAC1272}.Debug_ANGLE|x64.Build.0 = Release|Win32
		{4AA0D850-89D2-4C71-85F2-D6ECBAAC1272}.Debug|Win32.ActiveCfg = Debug|Win32
		{4AA0D850-89D2-4C71-85F2-D6ECBAAC1272}.Debug|Win32.Build.0 = Debug|Win32
		{4AA0D850-89D2-4C71-85F2-D6ECBAAC1272}.Debug|x64.ActiveCfg = Debug|Win32
		{4AA0D850-89D2-4C71-85F2-D6ECBAAC1272}.Release_ANGLE|Win32.ActiveCfg = Release|Win32
		{4AA0D850-89D2-4C71-85F2-D6ECBAAC1272}.Release_ANGLE|Win32.Build.0 = Release|Win32
		{4AA0D850-89D2-4C71-85F2-D6ECBAAC1272}.Release_ANGLE|x64.ActiveCfg = Release|Win32
		{4AA0D850-89D2-4C71-85F2-D6ECBAAC1272}.Release_ANGLE|x64.Build.0 = Release|Win32
		{4AA0D850-89D2-4C71-85F2-D6ECBAAC1272}.Release|Win32.ActiveCfg = Release|Win32
		{4AA0D850-89D2-4C71-85F2-D6ECBAAC1272}.Release|Win32.Build.0 = Release|Win32
		{4AA0D850-89D2-4C71-85F2-D6ECBAAC1272}.Release|x64.ActiveCfg = Release|Win32
	EndGlobalSection
	GlobalSection(SolutionProperties) = preSolution
		HideSolutionNode = FALSE
	EndGlobalSection
EndGlobal
