
Microsoft Visual Studio Solution File, Format Version 12.00
# Visual Studio Express 2012 for Windows Desktop
Project("{8BC9CEB8-8B4A-11D0-8D11-00A0C91BC942}") = "BloomingNeon", "..\..\BloomingNeon\vc11\BloomingNeon.vcxproj", "{74202EDD-91D2-4D2A-B0B6-355CEB16E6BE}"
	ProjectSection(ProjectDependencies) = postProject
		{92B5BE70-DCAA-40E4-92D8-CC2B95AA28BE} = {92B5BE70-DCAA-40E4-92D8-CC2B95AA28BE}
	EndProjectSection
EndProject
Project("{8BC9CEB8-8B4A-11D0-8D11-00A0C91BC942}") = "BouncingBalls", "..\..\BouncingBalls\vc11\BouncingBalls.vcxproj", "{E35AE6DB-7C3F-41B4-A920-1CAE379AF3C9}"
	ProjectSection(ProjectDependencies) = postProject
		{92B5BE70-DCAA-40E4-92D8-CC2B95AA28BE} = {92B5BE70-DCAA-40E4-92D8-CC2B95AA28BE}
	EndProjectSection
EndProject
Project("{8BC9CEB8-8B4A-11D0-8D11-00A0C91BC942}") = "FlickrImageViewer", "..\..\FlickrImageViewer\vc11\FlickrImageViewer.vcxproj", "{49C6A701-336C-4322-9A1C-7AD16E7F0274}"
	ProjectSection(ProjectDependencies) = postProject
		{92B5BE70-DCAA-40E4-92D8-CC2B95AA28BE} = {92B5BE70-DCAA-40E4-92D8-CC2B95AA28BE}
	EndProjectSection
EndProject
Project("{8BC9CEB8-8B4A-11D0-8D11-00A0C91BC942}") = "FrustumCulling", "..\..\FrustumCulling\vc11\FrustumCulling.vcxproj", "{002ADFC9-BC5C-43A1-9AB5-C7D966CB41C2}"
	ProjectSection(ProjectDependencies) = postProject
		{92B5BE70-DCAA-40E4-92D8-CC2B95AA28BE} = {92B5BE70-DCAA-40E4-92D8-CC2B95AA28BE}
	EndProjectSection
EndProject
Project("{8BC9CEB8-8B4A-11D0-8D11-00A0C91BC942}") = "GeometryShader", "..\..\GeometryShader\vc11\GeometryShader.vcxproj", "{F2D556ED-353C-4338-96D0-D4850E11B663}"
	ProjectSection(ProjectDependencies) = postProject
		{92B5BE70-DCAA-40E4-92D8-CC2B95AA28BE} = {92B5BE70-DCAA-40E4-92D8-CC2B95AA28BE}
	EndProjectSection
EndProject
Project("{8BC9CEB8-8B4A-11D0-8D11-00A0C91BC942}") = "HexagonMirror", "..\..\HexagonMirror\vc11\HexagonMirror.vcxproj", "{A72C9054-F427-4C24-A6CF-B02395550B7A}"
	ProjectSection(ProjectDependencies) = postProject
		{92B5BE70-DCAA-40E4-92D8-CC2B95AA28BE} = {92B5BE70-DCAA-40E4-92D8-CC2B95AA28BE}
	EndProjectSection
EndProject
Project("{8BC9CEB8-8B4A-11D0-8D11-00A0C91BC942}") = "PerspectiveWarping", "..\..\PerspectiveWarping\vc11\PerspectiveWarping.vcxproj", "{09E7D986-4E2C-4B29-B992-2C54C7112D6C}"
	ProjectSection(ProjectDependencies) = postProject
		{92B5BE70-DCAA-40E4-92D8-CC2B95AA28BE} = {92B5BE70-DCAA-40E4-92D8-CC2B95AA28BE}
	EndProjectSection
EndProject
Project("{8BC9CEB8-8B4A-11D0-8D11-00A0C91BC942}") = "PickingByColorApp", "..\..\PickingByColor\vc11\PickingByColorApp.vcxproj", "{7BA1EC7D-15AD-4604-9191-5E713CC9321E}"
	ProjectSection(ProjectDependencies) = postProject
		{92B5BE70-DCAA-40E4-92D8-CC2B95AA28BE} = {92B5BE70-DCAA-40E4-92D8-CC2B95AA28BE}
	EndProjectSection
EndProject
Project("{8BC9CEB8-8B4A-11D0-8D11-00A0C91BC942}") = "PostProcessing", "..\..\PostProcessing\vc11\PostProcessing.vcxproj", "{7B1D5758-9F5D-4F8E-8697-F84CC86848D8}"
	ProjectSection(ProjectDependencies) = postProject
		{92B5BE70-DCAA-40E4-92D8-CC2B95AA28BE} = {92B5BE70-DCAA-40E4-92D8-CC2B95AA28BE}
	EndProjectSection
EndProject
Project("{8BC9CEB8-8B4A-11D0-8D11-00A0C91BC942}") = "SimpleSceneGraph", "..\..\SimpleSceneGraph\vc11\SimpleSceneGraph.vcxproj", "{F26CECC0-AD66-407A-B679-246E95C84632}"
	ProjectSection(ProjectDependencies) = postProject
		{92B5BE70-DCAA-40E4-92D8-CC2B95AA28BE} = {92B5BE70-DCAA-40E4-92D8-CC2B95AA28BE}
	EndProjectSection
EndProject
Project("{8BC9CEB8-8B4A-11D0-8D11-00A0C91BC942}") = "SimpleShader", "..\..\SimpleShader\vc11\SimpleShader.vcxproj", "{051C58B4-0F72-43FA-ACF2-3E375EC2FCCF}"
	ProjectSection(ProjectDependencies) = postProject
		{92B5BE70-DCAA-40E4-92D8-CC2B95AA28BE} = {92B5BE70-DCAA-40E4-92D8-CC2B95AA28BE}
	EndProjectSection
EndProject
Project("{8BC9CEB8-8B4A-11D0-8D11-00A0C91BC942}") = "SmoothDisplacementMapping", "..\..\SmoothDisplacementMapping\vc11\SmoothDisplacementMapping.vcxproj", "{F39E1993-823F-4AB9-90AE-67FD35B54D6A}"
	ProjectSection(ProjectDependencies) = postProject
		{92B5BE70-DCAA-40E4-92D8-CC2B95AA28BE} = {92B5BE70-DCAA-40E4-92D8-CC2B95AA28BE}
	EndProjectSection
EndProject
Project("{8BC9CEB8-8B4A-11D0-8D11-00A0C91BC942}") = "TcpClientApp", "..\..\TcpClient\vc11\TcpClientApp.vcxproj", "{1B2AD9D2-950A-4888-9F94-B329CE5D37F8}"
	ProjectSection(ProjectDependencies) = postProject
		{92B5BE70-DCAA-40E4-92D8-CC2B95AA28BE} = {92B5BE70-DCAA-40E4-92D8-CC2B95AA28BE}
	EndProjectSection
EndProject
Project("{8BC9CEB8-8B4A-11D0-8D11-00A0C91BC942}") = "TransparentMesh", "..\..\TransparentMesh\vc11\TransparentMesh.vcxproj", "{7A519E37-6C49-4D79-9D22-9B655C7F8DEA}"
	ProjectSection(ProjectDependencies) = postProject
		{92B5BE70-DCAA-40E4-92D8-CC2B95AA28BE} = {92B5BE70-DCAA-40E4-92D8-CC2B95AA28BE}
	EndProjectSection
EndProject
Project("{8BC9CEB8-8B4A-11D0-8D11-00A0C91BC942}") = "Stars", "..\..\Stars\vc11\Stars.vcxproj", "{334E7308-F801-4C95-A9C4-CB55DE716195}"
	ProjectSection(ProjectDependencies) = postProject
		{92B5BE70-DCAA-40E4-92D8-CC2B95AA28BE} = {92B5BE70-DCAA-40E4-92D8-CC2B95AA28BE}
	EndProjectSection
EndProject
Project("{8BC9CEB8-8B4A-11D0-8D11-00A0C91BC942}") = "TextRendering", "..\..\TextRendering\vc11\TextRendering.vcxproj", "{C0C499E0-AC21-426C-BB1B-B0DA3BF37D15}"
	ProjectSection(ProjectDependencies) = postProject
		{92B5BE70-DCAA-40E4-92D8-CC2B95AA28BE} = {92B5BE70-DCAA-40E4-92D8-CC2B95AA28BE}
	EndProjectSection
EndProject
Project("{8BC9CEB8-8B4A-11D0-8D11-00A0C91BC942}") = "cinder", "..\..\..\cinder_master\vc11\cinder.vcxproj", "{92B5BE70-DCAA-40E4-92D8-CC2B95AA28BE}"
EndProject
Project("{8BC9CEB8-8B4A-11D0-8D11-00A0C91BC942}") = "AnalogClock", "..\..\AnalogClock\vc11\AnalogClock.vcxproj", "{A2EB70B5-A1F7-403A-8C19-BCE8AA39CF05}"
	ProjectSection(ProjectDependencies) = postProject
		{92B5BE70-DCAA-40E4-92D8-CC2B95AA28BE} = {92B5BE70-DCAA-40E4-92D8-CC2B95AA28BE}
	EndProjectSection
EndProject
Global
	GlobalSection(SolutionConfigurationPlatforms) = preSolution
		Debug|Win32 = Debug|Win32
		Release|Win32 = Release|Win32
	EndGlobalSection
	GlobalSection(ProjectConfigurationPlatforms) = postSolution
		{74202EDD-91D2-4D2A-B0B6-355CEB16E6BE}.Debug|Win32.ActiveCfg = Debug|Win32
		{74202EDD-91D2-4D2A-B0B6-355CEB16E6BE}.Debug|Win32.Build.0 = Debug|Win32
		{74202EDD-91D2-4D2A-B0B6-355CEB16E6BE}.Release|Win32.ActiveCfg = Release|Win32
		{74202EDD-91D2-4D2A-B0B6-355CEB16E6BE}.Release|Win32.Build.0 = Release|Win32
		{E35AE6DB-7C3F-41B4-A920-1CAE379AF3C9}.Debug|Win32.ActiveCfg = Debug|Win32
		{E35AE6DB-7C3F-41B4-A920-1CAE379AF3C9}.Debug|Win32.Build.0 = Debug|Win32
		{E35AE6DB-7C3F-41B4-A920-1CAE379AF3C9}.Release|Win32.ActiveCfg = Release|Win32
		{E35AE6DB-7C3F-41B4-A920-1CAE379AF3C9}.Release|Win32.Build.0 = Release|Win32
		{49C6A701-336C-4322-9A1C-7AD16E7F0274}.Debug|Win32.ActiveCfg = Debug|Win32
		{49C6A701-336C-4322-9A1C-7AD16E7F0274}.Debug|Win32.Build.0 = Debug|Win32
		{49C6A701-336C-4322-9A1C-7AD16E7F0274}.Release|Win32.ActiveCfg = Release|Win32
		{49C6A701-336C-4322-9A1C-7AD16E7F0274}.Release|Win32.Build.0 = Release|Win32
		{002ADFC9-BC5C-43A1-9AB5-C7D966CB41C2}.Debug|Win32.ActiveCfg = Debug|Win32
		{002ADFC9-BC5C-43A1-9AB5-C7D966CB41C2}.Debug|Win32.Build.0 = Debug|Win32
		{002ADFC9-BC5C-43A1-9AB5-C7D966CB41C2}.Release|Win32.ActiveCfg = Release|Win32
		{002ADFC9-BC5C-43A1-9AB5-C7D966CB41C2}.Release|Win32.Build.0 = Release|Win32
		{F2D556ED-353C-4338-96D0-D4850E11B663}.Debug|Win32.ActiveCfg = Debug|Win32
		{F2D556ED-353C-4338-96D0-D4850E11B663}.Debug|Win32.Build.0 = Debug|Win32
		{F2D556ED-353C-4338-96D0-D4850E11B663}.Release|Win32.ActiveCfg = Release|Win32
		{F2D556ED-353C-4338-96D0-D4850E11B663}.Release|Win32.Build.0 = Release|Win32
		{A72C9054-F427-4C24-A6CF-B02395550B7A}.Debug|Win32.ActiveCfg = Debug|Win32
		{A72C9054-F427-4C24-A6CF-B02395550B7A}.Debug|Win32.Build.0 = Debug|Win32
		{A72C9054-F427-4C24-A6CF-B02395550B7A}.Release|Win32.ActiveCfg = Release|Win32
		{A72C9054-F427-4C24-A6CF-B02395550B7A}.Release|Win32.Build.0 = Release|Win32
		{09E7D986-4E2C-4B29-B992-2C54C7112D6C}.Debug|Win32.ActiveCfg = Debug|Win32
		{09E7D986-4E2C-4B29-B992-2C54C7112D6C}.Debug|Win32.Build.0 = Debug|Win32
		{09E7D986-4E2C-4B29-B992-2C54C7112D6C}.Release|Win32.ActiveCfg = Release|Win32
		{09E7D986-4E2C-4B29-B992-2C54C7112D6C}.Release|Win32.Build.0 = Release|Win32
		{7BA1EC7D-15AD-4604-9191-5E713CC9321E}.Debug|Win32.ActiveCfg = Debug|Win32
		{7BA1EC7D-15AD-4604-9191-5E713CC9321E}.Debug|Win32.Build.0 = Debug|Win32
		{7BA1EC7D-15AD-4604-9191-5E713CC9321E}.Release|Win32.ActiveCfg = Release|Win32
		{7BA1EC7D-15AD-4604-9191-5E713CC9321E}.Release|Win32.Build.0 = Release|Win32
		{7B1D5758-9F5D-4F8E-8697-F84CC86848D8}.Debug|Win32.ActiveCfg = Debug|Win32
		{7B1D5758-9F5D-4F8E-8697-F84CC86848D8}.Debug|Win32.Build.0 = Debug|Win32
		{7B1D5758-9F5D-4F8E-8697-F84CC86848D8}.Release|Win32.ActiveCfg = Release|Win32
		{7B1D5758-9F5D-4F8E-8697-F84CC86848D8}.Release|Win32.Build.0 = Release|Win32
		{F26CECC0-AD66-407A-B679-246E95C84632}.Debug|Win32.ActiveCfg = Debug|Win32
		{F26CECC0-AD66-407A-B679-246E95C84632}.Debug|Win32.Build.0 = Debug|Win32
		{F26CECC0-AD66-407A-B679-246E95C84632}.Release|Win32.ActiveCfg = Release|Win32
		{F26CECC0-AD66-407A-B679-246E95C84632}.Release|Win32.Build.0 = Release|Win32
		{051C58B4-0F72-43FA-ACF2-3E375EC2FCCF}.Debug|Win32.ActiveCfg = Debug|Win32
		{051C58B4-0F72-43FA-ACF2-3E375EC2FCCF}.Debug|Win32.Build.0 = Debug|Win32
		{051C58B4-0F72-43FA-ACF2-3E375EC2FCCF}.Release|Win32.ActiveCfg = Release|Win32
		{051C58B4-0F72-43FA-ACF2-3E375EC2FCCF}.Release|Win32.Build.0 = Release|Win32
		{F39E1993-823F-4AB9-90AE-67FD35B54D6A}.Debug|Win32.ActiveCfg = Debug|Win32
		{F39E1993-823F-4AB9-90AE-67FD35B54D6A}.Debug|Win32.Build.0 = Debug|Win32
		{F39E1993-823F-4AB9-90AE-67FD35B54D6A}.Release|Win32.ActiveCfg = Release|Win32
		{F39E1993-823F-4AB9-90AE-67FD35B54D6A}.Release|Win32.Build.0 = Release|Win32
		{1B2AD9D2-950A-4888-9F94-B329CE5D37F8}.Debug|Win32.ActiveCfg = Debug|Win32
		{1B2AD9D2-950A-4888-9F94-B329CE5D37F8}.Debug|Win32.Build.0 = Debug|Win32
		{1B2AD9D2-950A-4888-9F94-B329CE5D37F8}.Release|Win32.ActiveCfg = Release|Win32
		{1B2AD9D2-950A-4888-9F94-B329CE5D37F8}.Release|Win32.Build.0 = Release|Win32
		{7A519E37-6C49-4D79-9D22-9B655C7F8DEA}.Debug|Win32.ActiveCfg = Debug|Win32
		{7A519E37-6C49-4D79-9D22-9B655C7F8DEA}.Debug|Win32.Build.0 = Debug|Win32
		{7A519E37-6C49-4D79-9D22-9B655C7F8DEA}.Release|Win32.ActiveCfg = Release|Win32
		{7A519E37-6C49-4D79-9D22-9B655C7F8DEA}.Release|Win32.Build.0 = Release|Win32
		{334E7308-F801-4C95-A9C4-CB55DE716195}.Debug|Win32.ActiveCfg = Debug|Win32
		{334E7308-F801-4C95-A9C4-CB55DE716195}.Debug|Win32.Build.0 = Debug|Win32
		{334E7308-F801-4C95-A9C4-CB55DE716195}.Release|Win32.ActiveCfg = Release|Win32
		{334E7308-F801-4C95-A9C4-CB55DE716195}.Release|Win32.Build.0 = Release|Win32
		{C0C499E0-AC21-426C-BB1B-B0DA3BF37D15}.Debug|Win32.ActiveCfg = Debug|Win32
		{C0C499E0-AC21-426C-BB1B-B0DA3BF37D15}.Debug|Win32.Build.0 = Debug|Win32
		{C0C499E0-AC21-426C-BB1B-B0DA3BF37D15}.Release|Win32.ActiveCfg = Release|Win32
		{C0C499E0-AC21-426C-BB1B-B0DA3BF37D15}.Release|Win32.Build.0 = Release|Win32
		{92B5BE70-DCAA-40E4-92D8-CC2B95AA28BE}.Debug|Win32.ActiveCfg = Debug|Win32
		{92B5BE70-DCAA-40E4-92D8-CC2B95AA28BE}.Debug|Win32.Build.0 = Debug|Win32
		{92B5BE70-DCAA-40E4-92D8-CC2B95AA28BE}.Release|Win32.ActiveCfg = Release|Win32
		{92B5BE70-DCAA-40E4-92D8-CC2B95AA28BE}.Release|Win32.Build.0 = Release|Win32
		{A2EB70B5-A1F7-403A-8C19-BCE8AA39CF05}.Debug|Win32.ActiveCfg = Debug|Win32
		{A2EB70B5-A1F7-403A-8C19-BCE8AA39CF05}.Debug|Win32.Build.0 = Debug|Win32
		{A2EB70B5-A1F7-403A-8C19-BCE8AA39CF05}.Release|Win32.ActiveCfg = Release|Win32
		{A2EB70B5-A1F7-403A-8C19-BCE8AA39CF05}.Release|Win32.Build.0 = Release|Win32
	EndGlobalSection
	GlobalSection(SolutionProperties) = preSolution
		HideSolutionNode = FALSE
	EndGlobalSection
EndGlobal
