Microsoft Visual Studio Solution File, Format Version 11.00
# Visual C++ Express 2010
Project("{8BC9CEB8-8B4A-11D0-8D11-00A0C91BC942}") = "SimpleShader", "SimpleShader.vcxproj", "{051C58B4-0F72-43FA-ACF2-3E375EC2FCCF}"
EndProject
Global
	GlobalSection(SolutionConfigurationPlatforms) = preSolution
		Debug|Win32 = Debug|Win32
		Release|Win32 = Release|Win32
	EndGlobalSection
	GlobalSection(ProjectConfigurationPlatforms) = postSolution
		{051C58B4-0F72-43FA-ACF2-3E375EC2FCCF}.Debug|Win32.ActiveCfg = Debug|Win32
		{051C58B4-0F72-43FA-ACF2-3E375EC2FCCF}.Debug|Win32.Build.0 = Debug|Win32
		{051C58B4-0F72-43FA-ACF2-3E375EC2FCCF}.Release|Win32.ActiveCfg = Release|Win32
		{051C58B4-0F72-43FA-ACF2-3E375EC2FCCF}.Release|Win32.Build.0 = Release|Win32
	EndGlobalSection
	GlobalSection(SolutionProperties) = preSolution
		HideSolutionNode = FALSE
	EndGlobalSection
EndGlobal
