<?xml version="1.0" encoding="utf-8"?>
<Project ToolsVersion="4.0" xmlns="http://schemas.microsoft.com/developer/msbuild/2003">
  <ItemGroup>
    <Filter Include="Source Files">
      <UniqueIdentifier>{4FC737F1-C7A5-4376-A066-2A32D752A2FF}</UniqueIdentifier>
      <Extensions>cpp;c;cc;cxx;def;odl;idl;hpj;bat;asm;asmx</Extensions>
    </Filter>
    <Filter Include="Header Files">
      <UniqueIdentifier>{93995380-89BD-4b04-88EB-625FBE52EBFB}</UniqueIdentifier>
      <Extensions>h;hpp;hxx;hm;inl;inc;xsd</Extensions>
    </Filter>
    <Filter Include="Resource Files">
      <UniqueIdentifier>{67DA6AB6-F800-4c08-8B7A-83BB121AAD01}</UniqueIdentifier>
      <Extensions>rc;ico;cur;bmp;dlg;rc2;rct;bin;rgs;gif;jpg;jpeg;jpe;resx;tiff;tif;png;wav</Extensions>
    </Filter>
    <Filter Include="Shader Files">
      <UniqueIdentifier>{52acb88b-6e39-4c4f-b9fe-8818f3f5c7e9}</UniqueIdentifier>
    </Filter>
    <Filter Include="Blocks">
      <UniqueIdentifier>{80b9147d-4a79-4924-b6c8-3d76ab07cb56}</UniqueIdentifier>
    </Filter>
    <Filter Include="Blocks\text">
      <UniqueIdentifier>{cb89b9cf-9726-4e23-a300-2ec019f7ae94}</UniqueIdentifier>
    </Filter>
  </ItemGroup>
  <ItemGroup>
    <ClCompile Include="..\src\StarsApp.cpp">
      <Filter>Source Files</Filter>
    </ClCompile>
    <ClCompile Include="..\src\Background.cpp">
      <Filter>Source Files</Filter>
    </ClCompile>
    <ClCompile Include="..\src\Stars.cpp">
      <Filter>Source Files</Filter>
    </ClCompile>
    <ClCompile Include="..\src\Conversions.cpp">
      <Filter>Source Files</Filter>
    </ClCompile>
    <ClCompile Include="..\src\Grid.cpp">
      <Filter>Source Files</Filter>
    </ClCompile>
    <ClCompile Include="..\src\UserInterface.cpp">
      <Filter>Source Files</Filter>
    </ClCompile>
    <ClCompile Include="..\src\Cam.cpp">
      <Filter>Source Files</Filter>
    </ClCompile>
    <ClCompile Include="..\..\TextRendering\include\text\Font.cpp">
      <Filter>Blocks\text</Filter>
    </ClCompile>
    <ClCompile Include="..\..\TextRendering\include\text\FontStore.cpp">
      <Filter>Blocks\text</Filter>
    </ClCompile>
    <ClCompile Include="..\..\TextRendering\include\text\Text.cpp">
      <Filter>Blocks\text</Filter>
    </ClCompile>
    <ClCompile Include="..\..\TextRendering\include\text\TextBox.cpp">
      <Filter>Blocks\text</Filter>
    </ClCompile>
    <ClCompile Include="..\..\TextRendering\include\text\TextLabels.cpp">
      <Filter>Blocks\text</Filter>
    </ClCompile>
    <ClCompile Include="..\src\Labels.cpp">
      <Filter>Source Files</Filter>
    </ClCompile>
    <ClCompile Include="..\src\Constellations.cpp">
      <Filter>Source Files</Filter>
    </ClCompile>
    <ClCompile Include="..\src\ConstellationLabels.cpp">
      <Filter>Source Files</Filter>
    </ClCompile>
    <ClCompile Include="..\src\ConstellationArt.cpp">
      <Filter>Source Files</Filter>
    </ClCompile>
  </ItemGroup>
  <ItemGroup>
    <ClInclude Include="..\include\Resources.h">
      <Filter>Header Files</Filter>
    </ClInclude>
    <ClInclude Include="..\src\Background.h">
      <Filter>Header Files</Filter>
    </ClInclude>
    <ClInclude Include="..\src\Stars.h">
      <Filter>Header Files</Filter>
    </ClInclude>
    <ClInclude Include="..\src\Conversions.h">
      <Filter>Header Files</Filter>
    </ClInclude>
    <ClInclude Include="..\src\Grid.h">
      <Filter>Header Files</Filter>
    </ClInclude>
    <ClInclude Include="..\src\UserInterface.h">
      <Filter>Header Files</Filter>
    </ClInclude>
    <ClInclude Include="..\src\Cam.h">
      <Filter>Header Files</Filter>
    </ClInclude>
    <ClInclude Include="..\..\TextRendering\include\text\Font.h">
      <Filter>Blocks\text</Filter>
    </ClInclude>
    <ClInclude Include="..\..\TextRendering\include\text\FontStore.h">
      <Filter>Blocks\text</Filter>
    </ClInclude>
    <ClInclude Include="..\..\TextRendering\include\text\Text.h">
      <Filter>Blocks\text</Filter>
    </ClInclude>
    <ClInclude Include="..\..\TextRendering\include\text\TextBox.h">
      <Filter>Blocks\text</Filter>
    </ClInclude>
    <ClInclude Include="..\..\TextRendering\include\text\TextLabels.h">
      <Filter>Blocks\text</Filter>
    </ClInclude>
    <ClInclude Include="..\src\Labels.h">
      <Filter>Header Files</Filter>
    </ClInclude>
    <ClInclude Include="..\src\Constellations.h">
      <Filter>Header Files</Filter>
    </ClInclude>
    <ClInclude Include="..\src\ConstellationLabels.h">
      <Filter>Header Files</Filter>
    </ClInclude>
    <ClInclude Include="..\src\ConstellationArt.h">
      <Filter>Header Files</Filter>
    </ClInclude>
  </ItemGroup>
  <ItemGroup>
    <ResourceCompile Include="Resources.rc">
      <Filter>Resource Files</Filter>
    </ResourceCompile>
  </ItemGroup>
  <ItemGroup>
    <None Include="..\assets\shaders\stars_frag.glsl">
      <Filter>Shader Files</Filter>
    </None>
    <None Include="..\assets\shaders\stars_vert.glsl">
      <Filter>Shader Files</Filter>
    </None>
    <None Include="..\assets\shaders\cylindrical_vert.glsl">
      <Filter>Shader Files</Filter>
    </None>
    <None Include="..\assets\shaders\cylindrical_frag.glsl">
      <Filter>Shader Files</Filter>
    </None>
  </ItemGroup>
</Project>