Microsoft Visual Studio Solution File, Format Version 11.00
# Visual C++ Express 2010
Project("{8BC9CEB8-8B4A-11D0-8D11-00A0C91BC942}") = "FlickrImageViewer", "FlickrImageViewer.vcxproj", "{49C6A701-336C-4322-9A1C-7AD16E7F0274}"
EndProject
Global
	GlobalSection(SolutionConfigurationPlatforms) = preSolution
		Debug|Win32 = Debug|Win32
		Release|Win32 = Release|Win32
	EndGlobalSection
	GlobalSection(ProjectConfigurationPlatforms) = postSolution
		{49C6A701-336C-4322-9A1C-7AD16E7F0274}.Debug|Win32.ActiveCfg = Debug|Win32
		{49C6A701-336C-4322-9A1C-7AD16E7F0274}.Debug|Win32.Build.0 = Debug|Win32
		{49C6A701-336C-4322-9A1C-7AD16E7F0274}.Release|Win32.ActiveCfg = Release|Win32
		{49C6A701-336C-4322-9A1C-7AD16E7F0274}.Release|Win32.Build.0 = Release|Win32
	EndGlobalSection
	GlobalSection(SolutionProperties) = preSolution
		HideSolutionNode = FALSE
	EndGlobalSection
EndGlobal
