Microsoft Visual Studio Solution File, Format Version 11.00
# Visual C++ Express 2010
Project("{8BC9CEB8-8B4A-11D0-8D11-00A0C91BC942}") = "GeometryShader", "GeometryShader.vcxproj", "{F2D556ED-353C-4338-96D0-D4850E11B663}"
EndProject
Global
	GlobalSection(SolutionConfigurationPlatforms) = preSolution
		Debug|Win32 = Debug|Win32
		Release|Win32 = Release|Win32
	EndGlobalSection
	GlobalSection(ProjectConfigurationPlatforms) = postSolution
		{F2D556ED-353C-4338-96D0-D4850E11B663}.Debug|Win32.ActiveCfg = Debug|Win32
		{F2D556ED-353C-4338-96D0-D4850E11B663}.Debug|Win32.Build.0 = Debug|Win32
		{F2D556ED-353C-4338-96D0-D4850E11B663}.Release|Win32.ActiveCfg = Release|Win32
		{F2D556ED-353C-4338-96D0-D4850E11B663}.Release|Win32.Build.0 = Release|Win32
	EndGlobalSection
	GlobalSection(SolutionProperties) = preSolution
		HideSolutionNode = FALSE
	EndGlobalSection
EndGlobal
